{
  "name": "the-wrong-kind-of-fast",
  "version": "0.1.0",
  "lockfileVersion": 1,
  "requires": true,
  "dependencies": {
    "talk-o-vision": {
      "version": "github:thirstyhead/talk-o-vision#aedaf4da67ba2272a668030ef7c9d843628844b6",
      "from": "github:thirstyhead/talk-o-vision",
      "dev": true
    }
  }
}
